# @generated by Move, please check-in and do not edit manually.

[move]
version = 3
manifest_digest = "F96C33268CDC1968363E792AD174ADF1BCB6E0AA21499F7F8E791B3B3A300104"
deps_digest = "3C4103934B1E040BB6B23F1D610B4EF9F2F1166A50A104EADCF77467C004C600"
dependencies = [
  { id = "Sui", name = "Sui" },
  { id = "usdc", name = "usdc" },
]

[[move.package]]
id = "MoveStdlib"
source = { git = "https://github.com/MystenLabs/sui.git", rev = "testnet-v1.46.2-43e8aad17f0d", subdir = "crates/sui-framework/packages/move-stdlib" }

[[move.package]]
id = "Sui"
source = { git = "https://github.com/MystenLabs/sui.git", rev = "testnet-v1.46.2-43e8aad17f0d", subdir = "crates/sui-framework/packages/sui-framework" }

dependencies = [
  { id = "MoveStdlib", name = "MoveStdlib" },
]

[[move.package]]
id = "stablecoin"
source = { git = "https://github.com/circlefin/stablecoin-sui.git", rev = "master", subdir = "packages/stablecoin" }

dependencies = [
  { id = "Sui", name = "Sui" },
  { id = "sui_extensions", name = "sui_extensions" },
]

[[move.package]]
id = "sui_extensions"
source = { git = "https://github.com/circlefin/stablecoin-sui.git", rev = "master", subdir = "packages/sui_extensions" }

dependencies = [
  { id = "Sui", name = "Sui" },
]

[[move.package]]
id = "usdc"
source = { git = "https://github.com/circlefin/stablecoin-sui.git", rev = "master", subdir = "packages/usdc" }

dependencies = [
  { id = "Sui", name = "Sui" },
  { id = "stablecoin", name = "stablecoin" },
  { id = "sui_extensions", name = "sui_extensions" },
]

[move.toolchain-version]
compiler-version = "1.46.2"
edition = "2024.beta"
flavor = "sui"

[env]

[env.devnet]
chain-id = "f12dda03"
original-published-id = "0x8d448b41f88c9d2b2f01a40f608c2a593b2d75d89d366478dcd7bf7060b1313b"
latest-published-id = "0x8d448b41f88c9d2b2f01a40f608c2a593b2d75d89d366478dcd7bf7060b1313b"
published-version = "1"

[env.testnet]
chain-id = "4c78adac"
original-published-id = "0x71b56a30270f796d224f7d3594650d32da33675ba1eae33637b3f16613bc89d9"
latest-published-id = "0x71b56a30270f796d224f7d3594650d32da33675ba1eae33637b3f16613bc89d9"
published-version = "1"
