# @generated by Move, please check-in and do not edit manually.

[move]
version = 3
manifest_digest = "128B5B19862FE92AEB1F03AF8008F8FB78BC078164D23129DF6F934BFB1A44BE"
deps_digest = "F9B494B64F0615AED0E98FC12A85B85ECD2BC5185C22D30E7F67786BB52E507C"
dependencies = [
  { id = "Bridge", name = "Bridge" },
  { id = "MoveStdlib", name = "MoveStdlib" },
  { id = "Sui", name = "Sui" },
  { id = "SuiSystem", name = "SuiSystem" },
]

[[move.package]]
id = "Bridge"
source = { git = "https://github.com/MystenLabs/sui.git", rev = "04f11afaf5e0", subdir = "crates/sui-framework/packages/bridge" }

dependencies = [
  { id = "MoveStdlib", name = "MoveStdlib" },
  { id = "Sui", name = "Sui" },
  { id = "SuiSystem", name = "SuiSystem" },
]

[[move.package]]
id = "MoveStdlib"
source = { git = "https://github.com/MystenLabs/sui.git", rev = "04f11afaf5e0", subdir = "crates/sui-framework/packages/move-stdlib" }

[[move.package]]
id = "Sui"
source = { git = "https://github.com/MystenLabs/sui.git", rev = "04f11afaf5e0", subdir = "crates/sui-framework/packages/sui-framework" }

dependencies = [
  { id = "MoveStdlib", name = "MoveStdlib" },
]

[[move.package]]
id = "SuiSystem"
source = { git = "https://github.com/MystenLabs/sui.git", rev = "04f11afaf5e0", subdir = "crates/sui-framework/packages/sui-system" }

dependencies = [
  { id = "MoveStdlib", name = "MoveStdlib" },
  { id = "Sui", name = "Sui" },
]

[move.toolchain-version]
compiler-version = "1.46.2"
edition = "2024.beta"
flavor = "sui"

[env]

[env.devnet]
chain-id = "f12dda03"
original-published-id = "0x7ef72d9aa387a861a32cb05dc3b33184b8b2903b7a71e5aaa3bde3128da470ff"
latest-published-id = "0x7ef72d9aa387a861a32cb05dc3b33184b8b2903b7a71e5aaa3bde3128da470ff"
published-version = "1"

[env.testnet]
chain-id = "4c78adac"
original-published-id = "0xe31fcb0fb95005363dac1b86d2b9a68c7988ea5f13844b6834cd3916554f8313"
latest-published-id = "0xe31fcb0fb95005363dac1b86d2b9a68c7988ea5f13844b6834cd3916554f8313"
published-version = "1"
